
Microsoft Visual Studio Solution File, Format Version 12.00
# Visual Studio Version 17
VisualStudioVersion = 17.4.33213.308
MinimumVisualStudioVersion = 10.0.40219.1
Project("{FAE04EC0-301F-11D3-BF4B-00C04F79EFBC}") = "PDFSigner", "PDFSigner\PDFSigner.csproj", "{33C666D7-4E0A-4125-83D0-39BFE476669E}"
EndProject
Global
	GlobalSection(SolutionConfigurationPlatforms) = preSolution
		Debug|Any CPU = Debug|Any CPU
		Release|Any CPU = Release|Any CPU
	EndGlobalSection
	GlobalSection(ProjectConfigurationPlatforms) = postSolution
		{33C666D7-4E0A-4125-83D0-39BFE476669E}.Debug|Any CPU.ActiveCfg = Debug|Any CPU
		{33C666D7-4E0A-4125-83D0-39BFE476669E}.Debug|Any CPU.Build.0 = Debug|Any CPU
		{33C666D7-4E0A-4125-83D0-39BFE476669E}.Release|Any CPU.ActiveCfg = Release|Any CPU
		{33C666D7-4E0A-4125-83D0-39BFE476669E}.Release|Any CPU.Build.0 = Release|Any CPU
	EndGlobalSection
	GlobalSection(SolutionProperties) = preSolution
		HideSolutionNode = FALSE
	EndGlobalSection
	GlobalSection(ExtensibilityGlobals) = postSolution
		SolutionGuid = {DC7C5A60-D8DC-4A44-B12F-722423472877}
	EndGlobalSection
EndGlobal
